// !$*UTF8*$!
{
	archiveVersion = 1;
	classes = {
	};
	objectVersion = 46;
	objects = {

/* Begin PBXBuildFile section */
		282F70021C2211060064C365 /* Search.swift in Sources */ = {isa = PBXBuildFile; fileRef = 282F70011C2211060064C365 /* Search.swift */; };
		282F70041C222B6B0064C365 /* Libro.swift in Sources */ = {isa = PBXBuildFile; fileRef = 282F70031C222B6B0064C365 /* Libro.swift */; };
		284B5D661C14F8AB006EF49C /* AppDelegate.swift in Sources */ = {isa = PBXBuildFile; fileRef = 284B5D651C14F8AB006EF49C /* AppDelegate.swift */; };
		284B5D6B1C14F8AB006EF49C /* Main.storyboard in Resources */ = {isa = PBXBuildFile; fileRef = 284B5D691C14F8AB006EF49C /* Main.storyboard */; };
		284B5D6E1C14F8AB006EF49C /* AppLibro3.xcdatamodeld in Sources */ = {isa = PBXBuildFile; fileRef = 284B5D6C1C14F8AB006EF49C /* AppLibro3.xcdatamodeld */; };
		284B5D701C14F8AB006EF49C /* Assets.xcassets in Resources */ = {isa = PBXBuildFile; fileRef = 284B5D6F1C14F8AB006EF49C /* Assets.xcassets */; };
		284B5D731C14F8AB006EF49C /* LaunchScreen.storyboard in Resources */ = {isa = PBXBuildFile; fileRef = 284B5D711C14F8AB006EF49C /* LaunchScreen.storyboard */; };
		284B5D7B1C14F8FD006EF49C /* TablaLibros.swift in Sources */ = {isa = PBXBuildFile; fileRef = 284B5D7A1C14F8FD006EF49C /* TablaLibros.swift */; };
		2861050F1C15FF190059DB78 /* VistaLibros.swift in Sources */ = {isa = PBXBuildFile; fileRef = 2861050E1C15FF190059DB78 /* VistaLibros.swift */; };
/* End PBXBuildFile section */

/* Begin PBXFileReference section */
		282F70011C2211060064C365 /* Search.swift */ = {isa = PBXFileReference; fileEncoding = 4; lastKnownFileType = sourcecode.swift; path = Search.swift; sourceTree = "<group>"; };
		282F70031C222B6B0064C365 /* Libro.swift */ = {isa = PBXFileReference; fileEncoding = 4; lastKnownFileType = sourcecode.swift; path = Libro.swift; sourceTree = "<group>"; };
		284B5D621C14F8AB006EF49C /* AppLibro3.app */ = {isa = PBXFileReference; explicitFileType = wrapper.application; includeInIndex = 0; path = AppLibro3.app; sourceTree = BUILT_PRODUCTS_DIR; };
		284B5D651C14F8AB006EF49C /* AppDelegate.swift */ = {isa = PBXFileReference; lastKnownFileType = sourcecode.swift; path = AppDelegate.swift; sourceTree = "<group>"; };
		284B5D6A1C14F8AB006EF49C /* Base */ = {isa = PBXFileReference; lastKnownFileType = file.storyboard; name = Base; path = Base.lproj/Main.storyboard; sourceTree = "<group>"; };
		284B5D6D1C14F8AB006EF49C /* AppLibro3.xcdatamodel */ = {isa = PBXFileReference; lastKnownFileType = wrapper.xcdatamodel; path = AppLibro3.xcdatamodel; sourceTree = "<group>"; };
		284B5D6F1C14F8AB006EF49C /* Assets.xcassets */ = {isa = PBXFileReference; lastKnownFileType = folder.assetcatalog; path = Assets.xcassets; sourceTree = "<group>"; };
		284B5D721C14F8AB006EF49C /* Base */ = {isa = PBXFileReference; lastKnownFileType = file.storyboard; name = Base; path = Base.lproj/LaunchScreen.storyboard; sourceTree = "<group>"; };
		284B5D741C14F8AB006EF49C /* Info.plist */ = {isa = PBXFileReference; lastKnownFileType = text.plist.xml; path = Info.plist; sourceTree = "<group>"; };
		284B5D7A1C14F8FD006EF49C /* TablaLibros.swift */ = {isa = PBXFileReference; fileEncoding = 4; lastKnownFileType = sourcecode.swift; path = TablaLibros.swift; sourceTree = "<group>"; };
		2861050E1C15FF190059DB78 /* VistaLibros.swift */ = {isa = PBXFileReference; fileEncoding = 4; lastKnownFileType = sourcecode.swift; path = VistaLibros.swift; sourceTree = "<group>"; };
/* End PBXFileReference section */

/* Begin PBXFrameworksBuildPhase section */
		284B5D5F1C14F8AB006EF49C /* Frameworks */ = {
			isa = PBXFrameworksBuildPhase;
			buildActionMask = 2147483647;
			files = (
			);
			runOnlyForDeploymentPostprocessing = 0;
		};
/* End PBXFrameworksBuildPhase section */

/* Begin PBXGroup section */
		284B5D591C14F8AB006EF49C = {
			isa = PBXGroup;
			children = (
				284B5D641C14F8AB006EF49C /* AppLibro3 */,
				284B5D631C14F8AB006EF49C /* Products */,
			);
			sourceTree = "<group>";
		};
		284B5D631C14F8AB006EF49C /* Products */ = {
			isa = PBXGroup;
			children = (
				284B5D621C14F8AB006EF49C /* AppLibro3.app */,
			);
			name = Products;
			sourceTree = "<group>";
		};
		284B5D641C14F8AB006EF49C /* AppLibro3 */ = {
			isa = PBXGroup;
			children = (
				284B5D651C14F8AB006EF49C /* AppDelegate.swift */,
				284B5D7A1C14F8FD006EF49C /* TablaLibros.swift */,
				2861050E1C15FF190059DB78 /* VistaLibros.swift */,
				284B5D691C14F8AB006EF49C /* Main.storyboard */,
				284B5D6F1C14F8AB006EF49C /* Assets.xcassets */,
				284B5D711C14F8AB006EF49C /* LaunchScreen.storyboard */,
				284B5D741C14F8AB006EF49C /* Info.plist */,
				284B5D6C1C14F8AB006EF49C /* AppLibro3.xcdatamodeld */,
				282F70011C2211060064C365 /* Search.swift */,
				282F70031C222B6B0064C365 /* Libro.swift */,
			);
			path = AppLibro3;
			sourceTree = "<group>";
		};
/* End PBXGroup section */

/* Begin PBXNativeTarget section */
		284B5D611C14F8AB006EF49C /* AppLibro3 */ = {
			isa = PBXNativeTarget;
			buildConfigurationList = 284B5D771C14F8AB006EF49C /* Build configuration list for PBXNativeTarget "AppLibro3" */;
			buildPhases = (
				284B5D5E1C14F8AB006EF49C /* Sources */,
				284B5D5F1C14F8AB006EF49C /* Frameworks */,
				284B5D601C14F8AB006EF49C /* Resources */,
			);
			buildRules = (
			);
			dependencies = (
			);
			name = AppLibro3;
			productName = AppLibro3;
			productReference = 284B5D621C14F8AB006EF49C /* AppLibro3.app */;
			productType = "com.apple.product-type.application";
		};
/* End PBXNativeTarget section */

/* Begin PBXProject section */
		284B5D5A1C14F8AB006EF49C /* Project object */ = {
			isa = PBXProject;
			attributes = {
				LastSwiftUpdateCheck = 0710;
				LastUpgradeCheck = 0710;
				ORGANIZATIONNAME = "Arturo Barreto Villafán";
				TargetAttributes = {
					284B5D611C14F8AB006EF49C = {
						CreatedOnToolsVersion = 7.1;
						DevelopmentTeam = C7M5QPK9S2;
					};
				};
			};
			buildConfigurationList = 284B5D5D1C14F8AB006EF49C /* Build configuration list for PBXProject "AppLibro3" */;
			compatibilityVersion = "Xcode 3.2";
			developmentRegion = English;
			hasScannedForEncodings = 0;
			knownRegions = (
				en,
				Base,
			);
			mainGroup = 284B5D591C14F8AB006EF49C;
			productRefGroup = 284B5D631C14F8AB006EF49C /* Products */;
			projectDirPath = "";
			projectRoot = "";
			targets = (
				284B5D611C14F8AB006EF49C /* AppLibro3 */,
			);
		};
/* End PBXProject section */

/* Begin PBXResourcesBuildPhase section */
		284B5D601C14F8AB006EF49C /* Resources */ = {
			isa = PBXResourcesBuildPhase;
			buildActionMask = 2147483647;
			files = (
				284B5D731C14F8AB006EF49C /* LaunchScreen.storyboard in Resources */,
				284B5D701C14F8AB006EF49C /* Assets.xcassets in Resources */,
				284B5D6B1C14F8AB006EF49C /* Main.storyboard in Resources */,
			);
			runOnlyForDeploymentPostprocessing = 0;
		};
/* End PBXResourcesBuildPhase section */

/* Begin PBXSourcesBuildPhase section */
		284B5D5E1C14F8AB006EF49C /* Sources */ = {
			isa = PBXSourcesBuildPhase;
			buildActionMask = 2147483647;
			files = (
				282F70041C222B6B0064C365 /* Libro.swift in Sources */,
				284B5D661C14F8AB006EF49C /* AppDelegate.swift in Sources */,
				284B5D7B1C14F8FD006EF49C /* TablaLibros.swift in Sources */,
				2861050F1C15FF190059DB78 /* VistaLibros.swift in Sources */,
				282F70021C2211060064C365 /* Search.swift in Sources */,
				284B5D6E1C14F8AB006EF49C /* AppLibro3.xcdatamodeld in Sources */,
			);
			runOnlyForDeploymentPostprocessing = 0;
		};
/* End PBXSourcesBuildPhase section */

/* Begin PBXVariantGroup section */
		284B5D691C14F8AB006EF49C /* Main.storyboard */ = {
			isa = PBXVariantGroup;
			children = (
				284B5D6A1C14F8AB006EF49C /* Base */,
			);
			name = Main.storyboard;
			sourceTree = "<group>";
		};
		284B5D711C14F8AB006EF49C /* LaunchScreen.storyboard */ = {
			isa = PBXVariantGroup;
			children = (
				284B5D721C14F8AB006EF49C /* Base */,
			);
			name = LaunchScreen.storyboard;
			sourceTree = "<group>";
		};
/* End PBXVariantGroup section */

/* Begin XCBuildConfiguration section */
		284B5D751C14F8AB006EF49C /* Debug */ = {
			isa = XCBuildConfiguration;
			buildSettings = {
				ALWAYS_SEARCH_USER_PATHS = NO;
				CLANG_CXX_LANGUAGE_STANDARD = "gnu++0x";
				CLANG_CXX_LIBRARY = "libc++";
				CLANG_ENABLE_MODULES = YES;
				CLANG_ENABLE_OBJC_ARC = YES;
				CLANG_WARN_BOOL_CONVERSION = YES;
				CLANG_WARN_CONSTANT_CONVERSION = YES;
				CLANG_WARN_DIRECT_OBJC_ISA_USAGE = YES_ERROR;
				CLANG_WARN_EMPTY_BODY = YES;
				CLANG_WARN_ENUM_CONVERSION = YES;
				CLANG_WARN_INT_CONVERSION = YES;
				CLANG_WARN_OBJC_ROOT_CLASS = YES_ERROR;
				CLANG_WARN_UNREACHABLE_CODE = YES;
				CLANG_WARN__DUPLICATE_METHOD_MATCH = YES;
				"CODE_SIGN_IDENTITY[sdk=iphoneos*]" = "iPhone Developer";
				COPY_PHASE_STRIP = NO;
				DEBUG_INFORMATION_FORMAT = dwarf;
				ENABLE_STRICT_OBJC_MSGSEND = YES;
				ENABLE_TESTABILITY = YES;
				GCC_C_LANGUAGE_STANDARD = gnu99;
				GCC_DYNAMIC_NO_PIC = NO;
				GCC_NO_COMMON_BLOCKS = YES;
				GCC_OPTIMIZATION_LEVEL = 0;
				GCC_PREPROCESSOR_DEFINITIONS = (
					"DEBUG=1",
					"$(inherited)",
				);
				GCC_WARN_64_TO_32_BIT_CONVERSION = YES;
				GCC_WARN_ABOUT_RETURN_TYPE = YES_ERROR;
				GCC_WARN_UNDECLARED_SELECTOR = YES;
				GCC_WARN_UNINITIALIZED_AUTOS = YES_AGGRESSIVE;
				GCC_WARN_UNUSED_FUNCTION = YES;
				GCC_WARN_UNUSED_VARIABLE = YES;
				IPHONEOS_DEPLOYMENT_TARGET = 9.1;
				MTL_ENABLE_DEBUG_INFO = YES;
				ONLY_ACTIVE_ARCH = YES;
				SDKROOT = iphoneos;
				SWIFT_OPTIMIZATION_LEVEL = "-Onone";
			};
			name = Debug;
		};
		284B5D761C14F8AB006EF49C /* Release */ = {
			isa = XCBuildConfiguration;
			buildSettings = {
				ALWAYS_SEARCH_USER_PATHS = NO;
				CLANG_CXX_LANGUAGE_STANDARD = "gnu++0x";
				CLANG_CXX_LIBRARY = "libc++";
				CLANG_ENABLE_MODULES = YES;
				CLANG_ENABLE_OBJC_ARC = YES;
				CLANG_WARN_BOOL_CONVERSION = YES;
				CLANG_WARN_CONSTANT_CONVERSION = YES;
				CLANG_WARN_DIRECT_OBJC_ISA_USAGE = YES_ERROR;
				CLANG_WARN_EMPTY_BODY = YES;
				CLANG_WARN_ENUM_CONVERSION = YES;
				CLANG_WARN_INT_CONVERSION = YES;
				CLANG_WARN_OBJC_ROOT_CLASS = YES_ERROR;
				CLANG_WARN_UNREACHABLE_CODE = YES;
				CLANG_WARN__DUPLICATE_METHOD_MATCH = YES;
				"CODE_SIGN_IDENTITY[sdk=iphoneos*]" = "iPhone Developer";
				COPY_PHASE_STRIP = NO;
				DEBUG_INFORMATION_FORMAT = "dwarf-with-dsym";
				ENABLE_NS_ASSERTIONS = NO;
				ENABLE_STRICT_OBJC_MSGSEND = YES;
				GCC_C_LANGUAGE_STANDARD = gnu99;
				GCC_NO_COMMON_BLOCKS = YES;
				GCC_WARN_64_TO_32_BIT_CONVERSION = YES;
				GCC_WARN_ABOUT_RETURN_TYPE = YES_ERROR;
				GCC_WARN_UNDECLARED_SELECTOR = YES;
				GCC_WARN_UNINITIALIZED_AUTOS = YES_AGGRESSIVE;
				GCC_WARN_UNUSED_FUNCTION = YES;
				GCC_WARN_UNUSED_VARIABLE = YES;
				IPHONEOS_DEPLOYMENT_TARGET = 9.1;
				MTL_ENABLE_DEBUG_INFO = NO;
				SDKROOT = iphoneos;
				VALIDATE_PRODUCT = YES;
			};
			name = Release;
		};
		284B5D781C14F8AB006EF49C /* Debug */ = {
			isa = XCBuildConfiguration;
			buildSettings = {
				ASSETCATALOG_COMPILER_APPICON_NAME = AppIcon;
				INFOPLIST_FILE = AppLibro3/Info.plist;
				LD_RUNPATH_SEARCH_PATHS = "$(inherited) @executable_path/Frameworks";
				PRODUCT_BUNDLE_IDENTIFIER = com.Barreto.AppLibro3;
				PRODUCT_NAME = "$(TARGET_NAME)";
			};
			name = Debug;
		};
		284B5D791C14F8AB006EF49C /* Release */ = {
			isa = XCBuildConfiguration;
			buildSettings = {
				ASSETCATALOG_COMPILER_APPICON_NAME = AppIcon;
				INFOPLIST_FILE = AppLibro3/Info.plist;
				LD_RUNPATH_SEARCH_PATHS = "$(inherited) @executable_path/Frameworks";
				PRODUCT_BUNDLE_IDENTIFIER = com.Barreto.AppLibro3;
				PRODUCT_NAME = "$(TARGET_NAME)";
			};
			name = Release;
		};
/* End XCBuildConfiguration section */

/* Begin XCConfigurationList section */
		284B5D5D1C14F8AB006EF49C /* Build configuration list for PBXProject "AppLibro3" */ = {
			isa = XCConfigurationList;
			buildConfigurations = (
				284B5D751C14F8AB006EF49C /* Debug */,
				284B5D761C14F8AB006EF49C /* Release */,
			);
			defaultConfigurationIsVisible = 0;
			defaultConfigurationName = Release;
		};
		284B5D771C14F8AB006EF49C /* Build configuration list for PBXNativeTarget "AppLibro3" */ = {
			isa = XCConfigurationList;
			buildConfigurations = (
				284B5D781C14F8AB006EF49C /* Debug */,
				284B5D791C14F8AB006EF49C /* Release */,
			);
			defaultConfigurationIsVisible = 0;
			defaultConfigurationName = Release;
		};
/* End XCConfigurationList section */

/* Begin XCVersionGroup section */
		284B5D6C1C14F8AB006EF49C /* AppLibro3.xcdatamodeld */ = {
			isa = XCVersionGroup;
			children = (
				284B5D6D1C14F8AB006EF49C /* AppLibro3.xcdatamodel */,
			);
			currentVersion = 284B5D6D1C14F8AB006EF49C /* AppLibro3.xcdatamodel */;
			path = AppLibro3.xcdatamodeld;
			sourceTree = "<group>";
			versionGroupType = wrapper.xcdatamodel;
		};
/* End XCVersionGroup section */
	};
	rootObject = 284B5D5A1C14F8AB006EF49C /* Project object */;
}
